
Microsoft Visual Studio Solution File, Format Version 12.00
# Visual Studio Version 16
VisualStudioVersion = 16.0.29326.143
MinimumVisualStudioVersion = 10.0.40219.1
Project("{FAE04EC0-301F-11D3-BF4B-00C04F79EFBC}") = "SocialSim", "SocialSim.csproj", "{29D233AD-A047-4D7F-9D64-F7CBD64B5840}"
EndProject
Global
	GlobalSection(SolutionConfigurationPlatforms) = preSolution
		Debug|Any CPU = Debug|Any CPU
		Release|Any CPU = Release|Any CPU
	EndGlobalSection
	GlobalSection(ProjectConfigurationPlatforms) = postSolution
		{29D233AD-A047-4D7F-9D64-F7CBD64B5840}.Debug|Any CPU.ActiveCfg = Debug|Any CPU
		{29D233AD-A047-4D7F-9D64-F7CBD64B5840}.Debug|Any CPU.Build.0 = Debug|Any CPU
		{29D233AD-A047-4D7F-9D64-F7CBD64B5840}.Release|Any CPU.ActiveCfg = Release|Any CPU
		{29D233AD-A047-4D7F-9D64-F7CBD64B5840}.Release|Any CPU.Build.0 = Release|Any CPU
	EndGlobalSection
	GlobalSection(SolutionProperties) = preSolution
		HideSolutionNode = FALSE
	EndGlobalSection
	GlobalSection(ExtensibilityGlobals) = postSolution
		SolutionGuid = {A5578E3E-D74E-4D64-9307-DA2E66DA367C}
	EndGlobalSection
EndGlobal
